{
  "object": {
    "pins": [
      {
        "package": "GoogleAuth",
        "repositoryURL": "https://github.com/olejnjak/google-auth-swift",
        "state": {
          "branch": null,
          "revision": "630ebdd31375b62e71565cfea97cf322ba79a2a6",
          "version": "0.1.0"
        }
      },
      {
        "package": "jwt-kit",
        "repositoryURL": "https://github.com/vapor/jwt-kit",
        "state": {
          "branch": null,
          "revision": "02a0fa600eee1bdc892013d62fc795fc623a5cc3",
          "version": "5.1.0"
        }
      },
      {
        "package": "swift-asn1",
        "repositoryURL": "https://github.com/apple/swift-asn1.git",
        "state": {
          "branch": null,
          "revision": "7faebca1ea4f9aaf0cda1cef7c43aecd2311ddf6",
          "version": "1.3.0"
        }
      },
      {
        "package": "swift-certificates",
        "repositoryURL": "https://github.com/apple/swift-certificates.git",
        "state": {
          "branch": null,
          "revision": "1fbb6ef21f1525ed5faf4c95207b9c11bea27e94",
          "version": "1.6.1"
        }
      },
      {
        "package": "swift-crypto",
        "repositoryURL": "https://github.com/apple/swift-crypto.git",
        "state": {
          "branch": null,
          "revision": "06dc63c6d8da54ee11ceb268cde1fa68161afc96",
          "version": "3.9.1"
        }
      },
      {
        "package": "swift-log",
        "repositoryURL": "https://github.com/apple/swift-log.git",
        "state": {
          "branch": null,
          "revision": "9cb486020ebf03bfa5b5df985387a14a98744537",
          "version": "1.6.1"
        }
      }
    ]
  },
  "version": 1
}
